
Microsoft Visual Studio Solution File, Format Version 12.00
# Visual Studio Version 17
VisualStudioVersion = 17.1.32319.34
MinimumVisualStudioVersion = 10.0.40219.1
Project("{FAE04EC0-301F-11D3-BF4B-00C04F79EFBC}") = "MangaStore", "MangaStore\MangaStore.csproj", "{149BF628-A419-484C-92B9-E576E882CABC}"
EndProject
Global
	GlobalSection(SolutionConfigurationPlatforms) = preSolution
		Debug|Any CPU = Debug|Any CPU
		Release|Any CPU = Release|Any CPU
	EndGlobalSection
	GlobalSection(ProjectConfigurationPlatforms) = postSolution
		{149BF628-A419-484C-92B9-E576E882CABC}.Debug|Any CPU.ActiveCfg = Debug|Any CPU
		{149BF628-A419-484C-92B9-E576E882CABC}.Debug|Any CPU.Build.0 = Debug|Any CPU
		{149BF628-A419-484C-92B9-E576E882CABC}.Release|Any CPU.ActiveCfg = Release|Any CPU
		{149BF628-A419-484C-92B9-E576E882CABC}.Release|Any CPU.Build.0 = Release|Any CPU
	EndGlobalSection
	GlobalSection(SolutionProperties) = preSolution
		HideSolutionNode = FALSE
	EndGlobalSection
	GlobalSection(ExtensibilityGlobals) = postSolution
		SolutionGuid = {A50DB18A-FFDF-40CE-B27A-32FA0AD7D56D}
	EndGlobalSection
EndGlobal
